
Microsoft Visual Studio Solution File, Format Version 12.00
Project("{FAE04EC0-301F-11D3-BF4B-00C04F79EFBC}") = "dotnetopenai", "dotnetopenai.csproj", "{CAF9AEB9-844D-452A-BEA8-9F6FE1E5303E}"
EndProject
Global
	GlobalSection(SolutionConfigurationPlatforms) = preSolution
		Debug|Any CPU = Debug|Any CPU
		Release|Any CPU = Release|Any CPU
	EndGlobalSection
	GlobalSection(ProjectConfigurationPlatforms) = postSolution
		{CAF9AEB9-844D-452A-BEA8-9F6FE1E5303E}.Debug|Any CPU.ActiveCfg = Debug|Any CPU
		{CAF9AEB9-844D-452A-BEA8-9F6FE1E5303E}.Debug|Any CPU.Build.0 = Debug|Any CPU
		{CAF9AEB9-844D-452A-BEA8-9F6FE1E5303E}.Release|Any CPU.ActiveCfg = Release|Any CPU
		{CAF9AEB9-844D-452A-BEA8-9F6FE1E5303E}.Release|Any CPU.Build.0 = Release|Any CPU
	EndGlobalSection
EndGlobal
