
Microsoft Visual Studio Solution File, Format Version 12.00
Project("{FAE04EC0-301F-11D3-BF4B-00C04F79EFBC}") = "dotnetelasticsearch", "dotnetelasticsearch.csproj", "{911FD865-AEDA-49D8-A21E-01B3188199BB}"
EndProject
Global
	GlobalSection(SolutionConfigurationPlatforms) = preSolution
		Debug|Any CPU = Debug|Any CPU
		Release|Any CPU = Release|Any CPU
	EndGlobalSection
	GlobalSection(ProjectConfigurationPlatforms) = postSolution
		{911FD865-AEDA-49D8-A21E-01B3188199BB}.Debug|Any CPU.ActiveCfg = Debug|Any CPU
		{911FD865-AEDA-49D8-A21E-01B3188199BB}.Debug|Any CPU.Build.0 = Debug|Any CPU
		{911FD865-AEDA-49D8-A21E-01B3188199BB}.Release|Any CPU.ActiveCfg = Release|Any CPU
		{911FD865-AEDA-49D8-A21E-01B3188199BB}.Release|Any CPU.Build.0 = Release|Any CPU
	EndGlobalSection
EndGlobal
